
Microsoft Visual Studio Solution File, Format Version 12.00
# Visual Studio Version 17
VisualStudioVersion = 17.1.31903.286
MinimumVisualStudioVersion = 10.0.40219.1
Project("{FAE04EC0-301F-11D3-BF4B-00C04F79EFBC}") = "WorkerService1", "WorkerService1\WorkerService1.csproj", "{01401964-E2D3-4A25-92A6-76F2BA85279A}"
EndProject
Global
	GlobalSection(SolutionConfigurationPlatforms) = preSolution
		Debug|Any CPU = Debug|Any CPU
		Release|Any CPU = Release|Any CPU
	EndGlobalSection
	GlobalSection(ProjectConfigurationPlatforms) = postSolution
		{01401964-E2D3-4A25-92A6-76F2BA85279A}.Debug|Any CPU.ActiveCfg = Debug|Any CPU
		{01401964-E2D3-4A25-92A6-76F2BA85279A}.Debug|Any CPU.Build.0 = Debug|Any CPU
		{01401964-E2D3-4A25-92A6-76F2BA85279A}.Release|Any CPU.ActiveCfg = Release|Any CPU
		{01401964-E2D3-4A25-92A6-76F2BA85279A}.Release|Any CPU.Build.0 = Release|Any CPU
	EndGlobalSection
	GlobalSection(SolutionProperties) = preSolution
		HideSolutionNode = FALSE
	EndGlobalSection
	GlobalSection(ExtensibilityGlobals) = postSolution
		SolutionGuid = {2D954424-1F62-4A46-87B2-40C79DDCBA98}
	EndGlobalSection
EndGlobal
